
Microsoft Visual Studio Solution File, Format Version 12.00
# Visual Studio Version 17
VisualStudioVersion = 17.14.36203.30 d17.14
MinimumVisualStudioVersion = 10.0.40219.1
Project("{FAE04EC0-301F-11D3-BF4B-00C04F79EFBC}") = "KdeBelo", "KdeBelo\KdeBelo.csproj", "{8160B858-CBCE-4AD6-A57D-19E53677BBAE}"
EndProject
Global
	GlobalSection(SolutionConfigurationPlatforms) = preSolution
		Debug|Any CPU = Debug|Any CPU
		Release|Any CPU = Release|Any CPU
	EndGlobalSection
	GlobalSection(ProjectConfigurationPlatforms) = postSolution
		{8160B858-CBCE-4AD6-A57D-19E53677BBAE}.Debug|Any CPU.ActiveCfg = Debug|Any CPU
		{8160B858-CBCE-4AD6-A57D-19E53677BBAE}.Debug|Any CPU.Build.0 = Debug|Any CPU
		{8160B858-CBCE-4AD6-A57D-19E53677BBAE}.Release|Any CPU.ActiveCfg = Release|Any CPU
		{8160B858-CBCE-4AD6-A57D-19E53677BBAE}.Release|Any CPU.Build.0 = Release|Any CPU
	EndGlobalSection
	GlobalSection(SolutionProperties) = preSolution
		HideSolutionNode = FALSE
	EndGlobalSection
	GlobalSection(ExtensibilityGlobals) = postSolution
		SolutionGuid = {1462A271-55BA-41BC-85EC-2A7FBB1506B6}
	EndGlobalSection
EndGlobal
